
Microsoft Visual Studio Solution File, Format Version 12.00
# Visual Studio Version 17
VisualStudioVersion = 17.9.34701.34
MinimumVisualStudioVersion = 10.0.40219.1
Project("{FAE04EC0-301F-11D3-BF4B-00C04F79EFBC}") = "PetExe", "PetExe\PetExe.csproj", "{DB3A0136-F93B-435A-992D-0B3965BADCBE}"
EndProject
Global
	GlobalSection(SolutionConfigurationPlatforms) = preSolution
		Debug|Any CPU = Debug|Any CPU
		Release|Any CPU = Release|Any CPU
	EndGlobalSection
	GlobalSection(ProjectConfigurationPlatforms) = postSolution
		{DB3A0136-F93B-435A-992D-0B3965BADCBE}.Debug|Any CPU.ActiveCfg = Debug|Any CPU
		{DB3A0136-F93B-435A-992D-0B3965BADCBE}.Debug|Any CPU.Build.0 = Debug|Any CPU
		{DB3A0136-F93B-435A-992D-0B3965BADCBE}.Release|Any CPU.ActiveCfg = Release|Any CPU
		{DB3A0136-F93B-435A-992D-0B3965BADCBE}.Release|Any CPU.Build.0 = Release|Any CPU
	EndGlobalSection
	GlobalSection(SolutionProperties) = preSolution
		HideSolutionNode = FALSE
	EndGlobalSection
	GlobalSection(ExtensibilityGlobals) = postSolution
		SolutionGuid = {D8C8CD55-AF09-4A04-92E3-C7E49283C15E}
	EndGlobalSection
EndGlobal
